# THIS IS AN AUTOGENERATED FILE. DO NOT EDIT THIS FILE DIRECTLY.
# yarn lockfile v1


await-timeout@^0.2.0:
  version "0.2.0"
  resolved "https://registry.yarnpkg.com/await-timeout/-/await-timeout-0.2.0.tgz#4ec5c246bc59ed3d5232186a1344001def50f7c4"

colors@^1.2.1:
  version "1.2.1"
  resolved "https://registry.yarnpkg.com/colors/-/colors-1.2.1.tgz#f4a3d302976aaf042356ba1ade3b1a2c62d9d794"

json-socket@^0.3.0:
  version "0.3.0"
  resolved "https://registry.yarnpkg.com/json-socket/-/json-socket-0.3.0.tgz#f4b953c685bb8e8bd0b72438f5208d9a0799ae07"

"overcom@http://github.com/uriva/overcom":
  version "1.0.0"
  resolved "http://github.com/uriva/overcom#a851b3febe3a6bcdbc7d645eecb9bac89551dcf6"
  dependencies:
    await-timeout "^0.2.0"
    colors "^1.2.1"
    json-socket "^0.3.0"
    random-port "^0.1.0"

random-port@^0.1.0:
  version "0.1.0"
  resolved "https://registry.yarnpkg.com/random-port/-/random-port-0.1.0.tgz#bfcdc640b32df824acd43711f1ac5b7943f54453"
